
Microsoft Visual Studio Solution File, Format Version 12.00
# Visual Studio Version 16
VisualStudioVersion = 16.0.30907.101
MinimumVisualStudioVersion = 10.0.40219.1
Project("{9A19103F-16F7-4668-BE54-9A1E7A4F7556}") = "TourPlanner.Core", "TourPlanner.Core\TourPlanner.Core.csproj", "{1724C1AC-58C5-4964-A388-63542DF80478}"
EndProject
Project("{9A19103F-16F7-4668-BE54-9A1E7A4F7556}") = "TourPlanner.GUI", "TourPlanner.GUI\TourPlanner.GUI.csproj", "{6D45B3B1-C307-469C-90DB-24C1B402FDD8}"
EndProject
Project("{9A19103F-16F7-4668-BE54-9A1E7A4F7556}") = "TourPlanner.DB.Postgres", "TourPlanner.DB.Postgres\TourPlanner.DB.Postgres.csproj", "{16CBC279-B3BE-4FB2-920D-CE80B61319B9}"
EndProject
Project("{9A19103F-16F7-4668-BE54-9A1E7A4F7556}") = "TourPlanner.DataProviders.MapQuest", "TourPlanner.DataProviders.MapQuest\TourPlanner.DataProviders.MapQuest.csproj", "{E222BD74-ADE7-4B06-BBBA-415E5CA292B7}"
EndProject
Project("{9A19103F-16F7-4668-BE54-9A1E7A4F7556}") = "TourPlanner.Reporting.PDF", "TourPlanner.Reporting.PDF\TourPlanner.Reporting.PDF.csproj", "{5B117C92-024B-49A0-99C7-A51BF06FB8D4}"
EndProject
Project("{FAE04EC0-301F-11D3-BF4B-00C04F79EFBC}") = "TourPlanner.Tests", "TourPlanner.Tests\TourPlanner.Tests.csproj", "{DF2FC4AD-16D3-4F28-9423-7C4A7ED95289}"
EndProject
Global
	GlobalSection(SolutionConfigurationPlatforms) = preSolution
		Debug|Any CPU = Debug|Any CPU
		Release|Any CPU = Release|Any CPU
	EndGlobalSection
	GlobalSection(ProjectConfigurationPlatforms) = postSolution
		{1724C1AC-58C5-4964-A388-63542DF80478}.Debug|Any CPU.ActiveCfg = Debug|Any CPU
		{1724C1AC-58C5-4964-A388-63542DF80478}.Debug|Any CPU.Build.0 = Debug|Any CPU
		{1724C1AC-58C5-4964-A388-63542DF80478}.Release|Any CPU.ActiveCfg = Release|Any CPU
		{1724C1AC-58C5-4964-A388-63542DF80478}.Release|Any CPU.Build.0 = Release|Any CPU
		{6D45B3B1-C307-469C-90DB-24C1B402FDD8}.Debug|Any CPU.ActiveCfg = Debug|Any CPU
		{6D45B3B1-C307-469C-90DB-24C1B402FDD8}.Debug|Any CPU.Build.0 = Debug|Any CPU
		{6D45B3B1-C307-469C-90DB-24C1B402FDD8}.Release|Any CPU.ActiveCfg = Release|Any CPU
		{6D45B3B1-C307-469C-90DB-24C1B402FDD8}.Release|Any CPU.Build.0 = Release|Any CPU
		{16CBC279-B3BE-4FB2-920D-CE80B61319B9}.Debug|Any CPU.ActiveCfg = Debug|Any CPU
		{16CBC279-B3BE-4FB2-920D-CE80B61319B9}.Debug|Any CPU.Build.0 = Debug|Any CPU
		{16CBC279-B3BE-4FB2-920D-CE80B61319B9}.Release|Any CPU.ActiveCfg = Release|Any CPU
		{16CBC279-B3BE-4FB2-920D-CE80B61319B9}.Release|Any CPU.Build.0 = Release|Any CPU
		{E222BD74-ADE7-4B06-BBBA-415E5CA292B7}.Debug|Any CPU.ActiveCfg = Debug|Any CPU
		{E222BD74-ADE7-4B06-BBBA-415E5CA292B7}.Debug|Any CPU.Build.0 = Debug|Any CPU
		{E222BD74-ADE7-4B06-BBBA-415E5CA292B7}.Release|Any CPU.ActiveCfg = Release|Any CPU
		{E222BD74-ADE7-4B06-BBBA-415E5CA292B7}.Release|Any CPU.Build.0 = Release|Any CPU
		{5B117C92-024B-49A0-99C7-A51BF06FB8D4}.Debug|Any CPU.ActiveCfg = Debug|Any CPU
		{5B117C92-024B-49A0-99C7-A51BF06FB8D4}.Debug|Any CPU.Build.0 = Debug|Any CPU
		{5B117C92-024B-49A0-99C7-A51BF06FB8D4}.Release|Any CPU.ActiveCfg = Release|Any CPU
		{5B117C92-024B-49A0-99C7-A51BF06FB8D4}.Release|Any CPU.Build.0 = Release|Any CPU
		{DF2FC4AD-16D3-4F28-9423-7C4A7ED95289}.Debug|Any CPU.ActiveCfg = Debug|Any CPU
		{DF2FC4AD-16D3-4F28-9423-7C4A7ED95289}.Debug|Any CPU.Build.0 = Debug|Any CPU
		{DF2FC4AD-16D3-4F28-9423-7C4A7ED95289}.Release|Any CPU.ActiveCfg = Release|Any CPU
		{DF2FC4AD-16D3-4F28-9423-7C4A7ED95289}.Release|Any CPU.Build.0 = Release|Any CPU
	EndGlobalSection
	GlobalSection(SolutionProperties) = preSolution
		HideSolutionNode = FALSE
	EndGlobalSection
	GlobalSection(ExtensibilityGlobals) = postSolution
		SolutionGuid = {B592D826-3953-4A67-AC9E-7C3565E64D6E}
	EndGlobalSection
EndGlobal
